{
  "lockfile_version": "1",
  "packages": {
    "act@latest": {
      "last_modified": "2025-06-05T08:10:37Z",
      "resolved": "github:NixOS/nixpkgs/ec62ae342c340d24289735e31eb9155261cd5fe7#act",
      "source": "devbox-search",
      "version": "0.2.78",
      "systems": {
        "aarch64-darwin": {
          "outputs": [
            {
              "name": "out",
              "path": "/nix/store/gmwb5nb910r0g11wphyhcgkkb73cyz4g-act-0.2.78",
              "default": true
            }
          ],
          "store_path": "/nix/store/gmwb5nb910r0g11wphyhcgkkb73cyz4g-act-0.2.78"
        },
        "aarch64-linux": {
          "outputs": [
            {
              "name": "out",
              "path": "/nix/store/3h6w4yyv6krgiwvy7kfm2f7hm1h5z8sv-act-0.2.78",
              "default": true
            }
          ],
          "store_path": "/nix/store/3h6w4yyv6krgiwvy7kfm2f7hm1h5z8sv-act-0.2.78"
        },
        "x86_64-darwin": {
          "outputs": [
            {
              "name": "out",
              "path": "/nix/store/2ldaxvizvd4130rjsnn0dm4xnsvjq2wz-act-0.2.78",
              "default": true
            }
          ],
          "store_path": "/nix/store/2ldaxvizvd4130rjsnn0dm4xnsvjq2wz-act-0.2.78"
        },
        "x86_64-linux": {
          "outputs": [
            {
              "name": "out",
              "path": "/nix/store/nnjly4y9m3mssv7g1l151bwmbs294qlk-act-0.2.78",
              "default": true
            }
          ],
          "store_path": "/nix/store/nnjly4y9m3mssv7g1l151bwmbs294qlk-act-0.2.78"
        }
      }
    },
    "envsubst@latest": {
      "last_modified": "2025-05-16T20:19:48Z",
      "resolved": "github:NixOS/nixpkgs/12a55407652e04dcf2309436eb06fef0d3713ef3#envsubst",
      "source": "devbox-search",
      "version": "1.4.3",
      "systems": {
        "aarch64-darwin": {
          "outputs": [
            {
              "name": "out",
              "path": "/nix/store/x53syh6dn8wp33var0nmmphnhz0vh269-envsubst-1.4.3",
              "default": true
            }
          ],
          "store_path": "/nix/store/x53syh6dn8wp33var0nmmphnhz0vh269-envsubst-1.4.3"
        },
        "aarch64-linux": {
          "outputs": [
            {
              "name": "out",
              "path": "/nix/store/0z9przi3raij5jc31yrin797bsbmxnyq-envsubst-1.4.3",
              "default": true
            }
          ],
          "store_path": "/nix/store/0z9przi3raij5jc31yrin797bsbmxnyq-envsubst-1.4.3"
        },
        "x86_64-darwin": {
          "outputs": [
            {
              "name": "out",
              "path": "/nix/store/7055nw59099678fcib94bnv1flybq50k-envsubst-1.4.3",
              "default": true
            }
          ],
          "store_path": "/nix/store/7055nw59099678fcib94bnv1flybq50k-envsubst-1.4.3"
        },
        "x86_64-linux": {
          "outputs": [
            {
              "name": "out",
              "path": "/nix/store/9012qqpjaa0j66lxv94j51z4xhnmqq5a-envsubst-1.4.3",
              "default": true
            }
          ],
          "store_path": "/nix/store/9012qqpjaa0j66lxv94j51z4xhnmqq5a-envsubst-1.4.3"
        }
      }
    },
    "gh@latest": {
      "last_modified": "2025-06-11T05:21:29Z",
      "resolved": "github:NixOS/nixpkgs/f72be405a10668b8b00937b452f2145244103ebc#gh",
      "source": "devbox-search",
      "version": "2.74.1",
      "systems": {
        "aarch64-darwin": {
          "outputs": [
            {
              "name": "out",
              "path": "/nix/store/p8mq9k98247ga6hp82p79mgjhwizz7y2-gh-2.74.1",
              "default": true
            }
          ],
          "store_path": "/nix/store/p8mq9k98247ga6hp82p79mgjhwizz7y2-gh-2.74.1"
        },
        "aarch64-linux": {
          "outputs": [
            {
              "name": "out",
              "path": "/nix/store/20ndq1vqz76jwj05jq1qza37r7mhcdbh-gh-2.74.1",
              "default": true
            }
          ],
          "store_path": "/nix/store/20ndq1vqz76jwj05jq1qza37r7mhcdbh-gh-2.74.1"
        },
        "x86_64-darwin": {
          "outputs": [
            {
              "name": "out",
              "path": "/nix/store/cm40jchywhdkc4pcsli26sjnjzq8l0k6-gh-2.74.1",
              "default": true
            }
          ],
          "store_path": "/nix/store/cm40jchywhdkc4pcsli26sjnjzq8l0k6-gh-2.74.1"
        },
        "x86_64-linux": {
          "outputs": [
            {
              "name": "out",
              "path": "/nix/store/yvh0c8j538k9clk6wmsmif4kf2jq7wys-gh-2.74.1",
              "default": true
            }
          ],
          "store_path": "/nix/store/yvh0c8j538k9clk6wmsmif4kf2jq7wys-gh-2.74.1"
        }
      }
    },
    "github:NixOS/nixpkgs/nixpkgs-unstable": {
      "last_modified": "2025-06-14T12:19:57Z",
      "resolved": "github:NixOS/nixpkgs/41da1e3ea8e23e094e5e3eeb1e6b830468a7399e?lastModified=1749903597&narHash=sha256-jp0D4vzBcRKwNZwfY4BcWHemLGUs4JrS3X9w5k%2FJYDA%3D"
    },
    "go-task@latest": {
      "last_modified": "2025-05-16T20:19:48Z",
      "resolved": "github:NixOS/nixpkgs/12a55407652e04dcf2309436eb06fef0d3713ef3#go-task",
      "source": "devbox-search",
      "version": "3.43.3",
      "systems": {
        "aarch64-darwin": {
          "outputs": [
            {
              "name": "out",
              "path": "/nix/store/5h0ykqayf8kfxwqlawzxvm05hlq7n22c-go-task-3.43.3",
              "default": true
            }
          ],
          "store_path": "/nix/store/5h0ykqayf8kfxwqlawzxvm05hlq7n22c-go-task-3.43.3"
        },
        "aarch64-linux": {
          "outputs": [
            {
              "name": "out",
              "path": "/nix/store/xxl2rg7k3c95gk5s0kwj8p8055r4yldf-go-task-3.43.3",
              "default": true
            }
          ],
          "store_path": "/nix/store/xxl2rg7k3c95gk5s0kwj8p8055r4yldf-go-task-3.43.3"
        },
        "x86_64-darwin": {
          "outputs": [
            {
              "name": "out",
              "path": "/nix/store/4az7i4f6lm4ss77wnf8kklkr21hrfhns-go-task-3.43.3",
              "default": true
            }
          ],
          "store_path": "/nix/store/4az7i4f6lm4ss77wnf8kklkr21hrfhns-go-task-3.43.3"
        },
        "x86_64-linux": {
          "outputs": [
            {
              "name": "out",
              "path": "/nix/store/gjdgw1zhvl9hl7mmiw6ncpnpmpxlk2yb-go-task-3.43.3",
              "default": true
            }
          ],
          "store_path": "/nix/store/gjdgw1zhvl9hl7mmiw6ncpnpmpxlk2yb-go-task-3.43.3"
        }
      }
    },
    "go@latest": {
      "last_modified": "2025-05-16T20:19:48Z",
      "resolved": "github:NixOS/nixpkgs/12a55407652e04dcf2309436eb06fef0d3713ef3#go",
      "source": "devbox-search",
      "version": "1.24.3",
      "systems": {
        "aarch64-darwin": {
          "outputs": [
            {
              "name": "out",
              "path": "/nix/store/ps3admpzmc1ryvn9q7sw5xfd94dkrb3f-go-1.24.3",
              "default": true
            }
          ],
          "store_path": "/nix/store/ps3admpzmc1ryvn9q7sw5xfd94dkrb3f-go-1.24.3"
        },
        "aarch64-linux": {
          "outputs": [
            {
              "name": "out",
              "path": "/nix/store/45bnqhyyq40p91k3cjw0farx3hn1swx6-go-1.24.3",
              "default": true
            }
          ],
          "store_path": "/nix/store/45bnqhyyq40p91k3cjw0farx3hn1swx6-go-1.24.3"
        },
        "x86_64-darwin": {
          "outputs": [
            {
              "name": "out",
              "path": "/nix/store/9z2kb6hxij7pqi0fgcn9ijhpb7ajpazs-go-1.24.3",
              "default": true
            }
          ],
          "store_path": "/nix/store/9z2kb6hxij7pqi0fgcn9ijhpb7ajpazs-go-1.24.3"
        },
        "x86_64-linux": {
          "outputs": [
            {
              "name": "out",
              "path": "/nix/store/5xvi25nqmbrg58aixp4zgczilfnp7pwg-go-1.24.3",
              "default": true
            }
          ],
          "store_path": "/nix/store/5xvi25nqmbrg58aixp4zgczilfnp7pwg-go-1.24.3"
        }
      }
    },
    "gum@latest": {
      "last_modified": "2025-05-16T20:19:48Z",
      "resolved": "github:NixOS/nixpkgs/12a55407652e04dcf2309436eb06fef0d3713ef3#gum",
      "source": "devbox-search",
      "version": "0.16.0",
      "systems": {
        "aarch64-darwin": {
          "outputs": [
            {
              "name": "out",
              "path": "/nix/store/amyw3aaqgpchs5cq8hh3d1wdy1hxfjav-gum-0.16.0",
              "default": true
            }
          ],
          "store_path": "/nix/store/amyw3aaqgpchs5cq8hh3d1wdy1hxfjav-gum-0.16.0"
        },
        "aarch64-linux": {
          "outputs": [
            {
              "name": "out",
              "path": "/nix/store/l6v1k7zn25ndvm4axmsbf10b8v8g78jp-gum-0.16.0",
              "default": true
            }
          ],
          "store_path": "/nix/store/l6v1k7zn25ndvm4axmsbf10b8v8g78jp-gum-0.16.0"
        },
        "x86_64-darwin": {
          "outputs": [
            {
              "name": "out",
              "path": "/nix/store/mkz77pxvh7h0iamhwwbzmaamcbnri130-gum-0.16.0",
              "default": true
            }
          ],
          "store_path": "/nix/store/mkz77pxvh7h0iamhwwbzmaamcbnri130-gum-0.16.0"
        },
        "x86_64-linux": {
          "outputs": [
            {
              "name": "out",
              "path": "/nix/store/w094m6kjn97wa2wrvj4mrjng0fnzmpw3-gum-0.16.0",
              "default": true
            }
          ],
          "store_path": "/nix/store/w094m6kjn97wa2wrvj4mrjng0fnzmpw3-gum-0.16.0"
        }
      }
    },
    "jq@latest": {
      "last_modified": "2025-06-14T12:19:57Z",
      "resolved": "github:NixOS/nixpkgs/41da1e3ea8e23e094e5e3eeb1e6b830468a7399e#jq",
      "source": "devbox-search",
      "version": "1.7.1",
      "systems": {
        "aarch64-darwin": {
          "outputs": [
            {
              "name": "bin",
              "path": "/nix/store/5v1yqacl2lhgbrzgvbmnxbxah9pdyp2s-jq-1.7.1-bin",
              "default": true
            },
            {
              "name": "man",
              "path": "/nix/store/6zfpzcwd7m5pkf1bd3sdasjv0rxsxvjg-jq-1.7.1-man",
              "default": true
            },
            {
              "name": "doc",
              "path": "/nix/store/awa9kq3h05l0bpc3gn1gzq4r9rspphsb-jq-1.7.1-doc"
            },
            {
              "name": "out",
              "path": "/nix/store/2vawjsrd9bmavbm7rvsjbnjaf4hbd1bs-jq-1.7.1"
            },
            {
              "name": "dev",
              "path": "/nix/store/12zb2s8cmrbgi53sn09i8vkqr6i462h4-jq-1.7.1-dev"
            }
          ],
          "store_path": "/nix/store/5v1yqacl2lhgbrzgvbmnxbxah9pdyp2s-jq-1.7.1-bin"
        },
        "aarch64-linux": {
          "outputs": [
            {
              "name": "bin",
              "path": "/nix/store/j6q3c3rzxhv3rz9y821qylgafi3jbsl8-jq-1.7.1-bin",
              "default": true
            },
            {
              "name": "man",
              "path": "/nix/store/2n2vs2cb0slcj5a4i0l7pyv4fip8s6m9-jq-1.7.1-man",
              "default": true
            },
            {
              "name": "dev",
              "path": "/nix/store/w7n2qywnma4af1m9xqz8y67rq0jn6an2-jq-1.7.1-dev"
            },
            {
              "name": "doc",
              "path": "/nix/store/c52b1v91c7pwxb58z79v2aa1x8bx8dpx-jq-1.7.1-doc"
            },
            {
              "name": "out",
              "path": "/nix/store/i06c1lzmf07gg33mjmfp0564inxplfq5-jq-1.7.1"
            }
          ],
          "store_path": "/nix/store/j6q3c3rzxhv3rz9y821qylgafi3jbsl8-jq-1.7.1-bin"
        },
        "x86_64-darwin": {
          "outputs": [
            {
              "name": "bin",
              "path": "/nix/store/if69q6bw49y67lv9f4bf78cgpf7xrnrb-jq-1.7.1-bin",
              "default": true
            },
            {
              "name": "man",
              "path": "/nix/store/0rsic796c75zmdaa3qw74676dgcibwan-jq-1.7.1-man",
              "default": true
            },
            {
              "name": "doc",
              "path": "/nix/store/dvap16zqbcxmil71f6ivbpzx49z7brzx-jq-1.7.1-doc"
            },
            {
              "name": "out",
              "path": "/nix/store/0gw2kw6zkvzg7zlqy4rrgdxjk13yg0z4-jq-1.7.1"
            },
            {
              "name": "dev",
              "path": "/nix/store/38vgg0iqwmhh8shn12ys3wqxv24gkq5n-jq-1.7.1-dev"
            }
          ],
          "store_path": "/nix/store/if69q6bw49y67lv9f4bf78cgpf7xrnrb-jq-1.7.1-bin"
        },
        "x86_64-linux": {
          "outputs": [
            {
              "name": "bin",
              "path": "/nix/store/n9ch6ggimi6ri5vx62mqmzgrrkb3qfwg-jq-1.7.1-bin",
              "default": true
            },
            {
              "name": "man",
              "path": "/nix/store/2dmx0pgvxjmqywg25rva6cgkz94icnw7-jq-1.7.1-man",
              "default": true
            },
            {
              "name": "doc",
              "path": "/nix/store/97zv95jlfnw4v3k0lyxmkmkqqjhx7np9-jq-1.7.1-doc"
            },
            {
              "name": "out",
              "path": "/nix/store/sdqzcyfy52y0vf10nfsxy3mhv9b2vmkv-jq-1.7.1"
            },
            {
              "name": "dev",
              "path": "/nix/store/yika3khvh871bvk5sgpcxfdbqznyi3w0-jq-1.7.1-dev"
            }
          ],
          "store_path": "/nix/store/n9ch6ggimi6ri5vx62mqmzgrrkb3qfwg-jq-1.7.1-bin"
        }
      }
    },
    "k9s@latest": {
      "last_modified": "2025-06-01T15:36:18Z",
      "resolved": "github:NixOS/nixpkgs/5929de975bcf4c7c8d8b5ca65c8cd9ef9e44523e#k9s",
      "source": "devbox-search",
      "version": "0.50.6",
      "systems": {
        "aarch64-darwin": {
          "outputs": [
            {
              "name": "out",
              "path": "/nix/store/0kjbnz4vyqv50xmidkf3a9fd9xkv7qnx-k9s-0.50.6",
              "default": true
            }
          ],
          "store_path": "/nix/store/0kjbnz4vyqv50xmidkf3a9fd9xkv7qnx-k9s-0.50.6"
        },
        "aarch64-linux": {
          "outputs": [
            {
              "name": "out",
              "path": "/nix/store/cy9v8qdf8y1g45774rm9jzw03pf0866d-k9s-0.50.6",
              "default": true
            }
          ],
          "store_path": "/nix/store/cy9v8qdf8y1g45774rm9jzw03pf0866d-k9s-0.50.6"
        },
        "x86_64-darwin": {
          "outputs": [
            {
              "name": "out",
              "path": "/nix/store/33wpwmnd235m388diiky223sm2g1gf9g-k9s-0.50.6",
              "default": true
            }
          ],
          "store_path": "/nix/store/33wpwmnd235m388diiky223sm2g1gf9g-k9s-0.50.6"
        },
        "x86_64-linux": {
          "outputs": [
            {
              "name": "out",
              "path": "/nix/store/ym871cb8337ph62j517586skc6ya7znp-k9s-0.50.6",
              "default": true
            }
          ],
          "store_path": "/nix/store/ym871cb8337ph62j517586skc6ya7znp-k9s-0.50.6"
        }
      }
    },
    "kind@latest": {
      "last_modified": "2025-06-12T07:29:08Z",
      "resolved": "github:NixOS/nixpkgs/d202f48f1249f013aa2660c6733e251c85712cbe#kind",
      "source": "devbox-search",
      "version": "0.29.0",
      "systems": {
        "aarch64-darwin": {
          "outputs": [
            {
              "name": "out",
              "path": "/nix/store/81jc2zsdv4zhdniyyggpxm56lpl88cxb-kind-0.29.0",
              "default": true
            }
          ],
          "store_path": "/nix/store/81jc2zsdv4zhdniyyggpxm56lpl88cxb-kind-0.29.0"
        },
        "aarch64-linux": {
          "outputs": [
            {
              "name": "out",
              "path": "/nix/store/dwzvvmcignd20dg6kgizzn71vkj9la91-kind-0.29.0",
              "default": true
            }
          ],
          "store_path": "/nix/store/dwzvvmcignd20dg6kgizzn71vkj9la91-kind-0.29.0"
        },
        "x86_64-darwin": {
          "outputs": [
            {
              "name": "out",
              "path": "/nix/store/shydfb0h27gbdrmwhjbfg354xc22vxg2-kind-0.29.0",
              "default": true
            }
          ],
          "store_path": "/nix/store/shydfb0h27gbdrmwhjbfg354xc22vxg2-kind-0.29.0"
        },
        "x86_64-linux": {
          "outputs": [
            {
              "name": "out",
              "path": "/nix/store/52vfnn1wcqn3d5jzrqvcd6yzp3i1gw2m-kind-0.29.0",
              "default": true
            }
          ],
          "store_path": "/nix/store/52vfnn1wcqn3d5jzrqvcd6yzp3i1gw2m-kind-0.29.0"
        }
      }
    },
    "kluctl@latest": {
      "last_modified": "2025-07-04T02:32:11Z",
      "resolved": "github:NixOS/nixpkgs/472908faa934435cf781ae8fac77291af3d137d3#kluctl",
      "source": "devbox-search",
      "version": "2.27.0",
      "systems": {
        "aarch64-darwin": {
          "outputs": [
            {
              "name": "out",
              "path": "/nix/store/5xigpb86fhb6rbg4xlj78pskrhk6a84z-kluctl-2.27.0",
              "default": true
            }
          ],
          "store_path": "/nix/store/5xigpb86fhb6rbg4xlj78pskrhk6a84z-kluctl-2.27.0"
        },
        "aarch64-linux": {
          "outputs": [
            {
              "name": "out",
              "path": "/nix/store/kmkzjdq5asynhfi5ri21vv7k4y5l3ws8-kluctl-2.27.0",
              "default": true
            }
          ],
          "store_path": "/nix/store/kmkzjdq5asynhfi5ri21vv7k4y5l3ws8-kluctl-2.27.0"
        },
        "x86_64-darwin": {
          "outputs": [
            {
              "name": "out",
              "path": "/nix/store/r5zv33wl2xkf1skk95rxink2zsacziya-kluctl-2.27.0",
              "default": true
            }
          ],
          "store_path": "/nix/store/r5zv33wl2xkf1skk95rxink2zsacziya-kluctl-2.27.0"
        },
        "x86_64-linux": {
          "outputs": [
            {
              "name": "out",
              "path": "/nix/store/paald4d4ayvxprwf79bxdbr6nfw2vfs2-kluctl-2.27.0",
              "default": true
            }
          ],
          "store_path": "/nix/store/paald4d4ayvxprwf79bxdbr6nfw2vfs2-kluctl-2.27.0"
        }
      }
    },
    "ko@latest": {
      "last_modified": "2025-05-16T20:19:48Z",
      "resolved": "github:NixOS/nixpkgs/12a55407652e04dcf2309436eb06fef0d3713ef3#ko",
      "source": "devbox-search",
      "version": "0.18.0",
      "systems": {
        "aarch64-darwin": {
          "outputs": [
            {
              "name": "out",
              "path": "/nix/store/40g8vw8n1sg78146dnnyw7xv9vkd4rwr-ko-0.18.0",
              "default": true
            }
          ],
          "store_path": "/nix/store/40g8vw8n1sg78146dnnyw7xv9vkd4rwr-ko-0.18.0"
        },
        "aarch64-linux": {
          "outputs": [
            {
              "name": "out",
              "path": "/nix/store/grrw3jdvxgpd0ckqcgp19yiwxx1yl9yh-ko-0.18.0",
              "default": true
            }
          ],
          "store_path": "/nix/store/grrw3jdvxgpd0ckqcgp19yiwxx1yl9yh-ko-0.18.0"
        },
        "x86_64-darwin": {
          "outputs": [
            {
              "name": "out",
              "path": "/nix/store/yzik6q7jj4l2qg4dbyzv96svp9kp7kfy-ko-0.18.0",
              "default": true
            }
          ],
          "store_path": "/nix/store/yzik6q7jj4l2qg4dbyzv96svp9kp7kfy-ko-0.18.0"
        },
        "x86_64-linux": {
          "outputs": [
            {
              "name": "out",
              "path": "/nix/store/2vfzl4yn6253cnfsh5w2pxq8f9f2ncqa-ko-0.18.0",
              "default": true
            }
          ],
          "store_path": "/nix/store/2vfzl4yn6253cnfsh5w2pxq8f9f2ncqa-ko-0.18.0"
        }
      }
    },
    "kubectl@latest": {
      "last_modified": "2025-05-24T21:46:02Z",
      "resolved": "github:NixOS/nixpkgs/edb3633f9100d9277d1c9af245a4e9337a980c07#kubectl",
      "source": "devbox-search",
      "version": "1.33.1",
      "systems": {
        "aarch64-darwin": {
          "outputs": [
            {
              "name": "out",
              "path": "/nix/store/vcq5gsn9rp26xbz14b5b2fd8map8qnvj-kubectl-1.33.1",
              "default": true
            },
            {
              "name": "man",
              "path": "/nix/store/20v8bx884m4i34zdkksdq5qpkm966m65-kubectl-1.33.1-man",
              "default": true
            },
            {
              "name": "convert",
              "path": "/nix/store/cjm9i86w7is18g3cpsgfc0c3jmsnp0s8-kubectl-1.33.1-convert"
            }
          ],
          "store_path": "/nix/store/vcq5gsn9rp26xbz14b5b2fd8map8qnvj-kubectl-1.33.1"
        },
        "aarch64-linux": {
          "outputs": [
            {
              "name": "out",
              "path": "/nix/store/m8406nxn25y7a80jxq6mdk70p1xl8xrc-kubectl-1.33.1",
              "default": true
            },
            {
              "name": "man",
              "path": "/nix/store/gy8hdpwiqcy35zp0a9imbv4fqqy3cwn8-kubectl-1.33.1-man",
              "default": true
            },
            {
              "name": "convert",
              "path": "/nix/store/kh7b55lvpwfrdfbq3qrzcj9qjanfqn7c-kubectl-1.33.1-convert"
            }
          ],
          "store_path": "/nix/store/m8406nxn25y7a80jxq6mdk70p1xl8xrc-kubectl-1.33.1"
        },
        "x86_64-darwin": {
          "outputs": [
            {
              "name": "out",
              "path": "/nix/store/g8r4y54jpdyrvnrbhqyg60sr1wpqx0ff-kubectl-1.33.1",
              "default": true
            },
            {
              "name": "man",
              "path": "/nix/store/0n7ik9w8sjrhanv7yb1ijhwyawx7xcz2-kubectl-1.33.1-man",
              "default": true
            },
            {
              "name": "convert",
              "path": "/nix/store/fdpw2205wf6qq7h271nzbhxdmx561vq0-kubectl-1.33.1-convert"
            }
          ],
          "store_path": "/nix/store/g8r4y54jpdyrvnrbhqyg60sr1wpqx0ff-kubectl-1.33.1"
        },
        "x86_64-linux": {
          "outputs": [
            {
              "name": "out",
              "path": "/nix/store/lrfm3r4z5iqyn5fqf085bdyp7b5ghhdr-kubectl-1.33.1",
              "default": true
            },
            {
              "name": "man",
              "path": "/nix/store/hhank6pxbzwzm6b6gphpc1rj2jjdpmmk-kubectl-1.33.1-man",
              "default": true
            },
            {
              "name": "convert",
              "path": "/nix/store/yqlm8fmchxsxzica482r16sfm8x84hck-kubectl-1.33.1-convert"
            }
          ],
          "store_path": "/nix/store/lrfm3r4z5iqyn5fqf085bdyp7b5ghhdr-kubectl-1.33.1"
        }
      }
    },
    "kubectx@latest": {
      "last_modified": "2025-05-16T20:19:48Z",
      "resolved": "github:NixOS/nixpkgs/12a55407652e04dcf2309436eb06fef0d3713ef3#kubectx",
      "source": "devbox-search",
      "version": "0.9.5",
      "systems": {
        "aarch64-darwin": {
          "outputs": [
            {
              "name": "out",
              "path": "/nix/store/v95vwkbic2zsbah72ax8zqppmaaglhg3-kubectx-0.9.5",
              "default": true
            }
          ],
          "store_path": "/nix/store/v95vwkbic2zsbah72ax8zqppmaaglhg3-kubectx-0.9.5"
        },
        "aarch64-linux": {
          "outputs": [
            {
              "name": "out",
              "path": "/nix/store/cknyw01hrqgw7hl5z5hq4xhdm7z7cl5g-kubectx-0.9.5",
              "default": true
            }
          ],
          "store_path": "/nix/store/cknyw01hrqgw7hl5z5hq4xhdm7z7cl5g-kubectx-0.9.5"
        },
        "x86_64-darwin": {
          "outputs": [
            {
              "name": "out",
              "path": "/nix/store/79h8kfnc06r75h7fk5v6wfwjci5kkwmb-kubectx-0.9.5",
              "default": true
            }
          ],
          "store_path": "/nix/store/79h8kfnc06r75h7fk5v6wfwjci5kkwmb-kubectx-0.9.5"
        },
        "x86_64-linux": {
          "outputs": [
            {
              "name": "out",
              "path": "/nix/store/cqwhwxb7iyfm31imc6v68p9655nmzzys-kubectx-0.9.5",
              "default": true
            }
          ],
          "store_path": "/nix/store/cqwhwxb7iyfm31imc6v68p9655nmzzys-kubectx-0.9.5"
        }
      }
    },
    "kubent@latest": {
      "last_modified": "2025-05-16T20:19:48Z",
      "resolved": "github:NixOS/nixpkgs/12a55407652e04dcf2309436eb06fef0d3713ef3#kubent",
      "source": "devbox-search",
      "version": "0.7.3",
      "systems": {
        "aarch64-darwin": {
          "outputs": [
            {
              "name": "out",
              "path": "/nix/store/qz826hdbqn2nfw96p395r83wmmgz2iix-kubent-0.7.3",
              "default": true
            }
          ],
          "store_path": "/nix/store/qz826hdbqn2nfw96p395r83wmmgz2iix-kubent-0.7.3"
        },
        "aarch64-linux": {
          "outputs": [
            {
              "name": "out",
              "path": "/nix/store/f9037kgayxmzsiybq8jqm7j2zl5d4hgz-kubent-0.7.3",
              "default": true
            }
          ],
          "store_path": "/nix/store/f9037kgayxmzsiybq8jqm7j2zl5d4hgz-kubent-0.7.3"
        },
        "x86_64-darwin": {
          "outputs": [
            {
              "name": "out",
              "path": "/nix/store/iaj3nws750yvfr27lbhb2pa8rq11kms9-kubent-0.7.3",
              "default": true
            }
          ],
          "store_path": "/nix/store/iaj3nws750yvfr27lbhb2pa8rq11kms9-kubent-0.7.3"
        },
        "x86_64-linux": {
          "outputs": [
            {
              "name": "out",
              "path": "/nix/store/splc1jyikq2pg4w76d6i8ymyd0rqlai5-kubent-0.7.3",
              "default": true
            }
          ],
          "store_path": "/nix/store/splc1jyikq2pg4w76d6i8ymyd0rqlai5-kubent-0.7.3"
        }
      }
    },
    "kubernetes-helm@latest": {
      "last_modified": "2025-06-12T07:29:08Z",
      "resolved": "github:NixOS/nixpkgs/d202f48f1249f013aa2660c6733e251c85712cbe#kubernetes-helm",
      "source": "devbox-search",
      "version": "3.18.2",
      "systems": {
        "aarch64-darwin": {
          "outputs": [
            {
              "name": "out",
              "path": "/nix/store/jlp184pfj4sr13bynvhh2xdr2kcqki6s-kubernetes-helm-3.18.2",
              "default": true
            }
          ],
          "store_path": "/nix/store/jlp184pfj4sr13bynvhh2xdr2kcqki6s-kubernetes-helm-3.18.2"
        },
        "aarch64-linux": {
          "outputs": [
            {
              "name": "out",
              "path": "/nix/store/iyc7rs8vwp0dgjsjbkln1aa32gfls80l-kubernetes-helm-3.18.2",
              "default": true
            }
          ],
          "store_path": "/nix/store/iyc7rs8vwp0dgjsjbkln1aa32gfls80l-kubernetes-helm-3.18.2"
        },
        "x86_64-darwin": {
          "outputs": [
            {
              "name": "out",
              "path": "/nix/store/hxwfq2n2shcwvg0mz967d12clys1i2hd-kubernetes-helm-3.18.2",
              "default": true
            }
          ],
          "store_path": "/nix/store/hxwfq2n2shcwvg0mz967d12clys1i2hd-kubernetes-helm-3.18.2"
        },
        "x86_64-linux": {
          "outputs": [
            {
              "name": "out",
              "path": "/nix/store/i7ak9gjj38s29k5lxjnak735713caf6f-kubernetes-helm-3.18.2",
              "default": true
            }
          ],
          "store_path": "/nix/store/i7ak9gjj38s29k5lxjnak735713caf6f-kubernetes-helm-3.18.2"
        }
      }
    },
    "kustomize@latest": {
      "last_modified": "2025-05-16T20:19:48Z",
      "resolved": "github:NixOS/nixpkgs/12a55407652e04dcf2309436eb06fef0d3713ef3#kustomize",
      "source": "devbox-search",
      "version": "5.6.0",
      "systems": {
        "aarch64-darwin": {
          "outputs": [
            {
              "name": "out",
              "path": "/nix/store/spr7yrr1ajfmwkwx6qak45mpa67643cw-kustomize-5.6.0",
              "default": true
            }
          ],
          "store_path": "/nix/store/spr7yrr1ajfmwkwx6qak45mpa67643cw-kustomize-5.6.0"
        },
        "aarch64-linux": {
          "outputs": [
            {
              "name": "out",
              "path": "/nix/store/74dc4ysb9hypdqri86l4q13cnijn8ifg-kustomize-5.6.0",
              "default": true
            }
          ],
          "store_path": "/nix/store/74dc4ysb9hypdqri86l4q13cnijn8ifg-kustomize-5.6.0"
        },
        "x86_64-darwin": {
          "outputs": [
            {
              "name": "out",
              "path": "/nix/store/qwm24iw2z061cyv3fy4vdq9lrbf9y18q-kustomize-5.6.0",
              "default": true
            }
          ],
          "store_path": "/nix/store/qwm24iw2z061cyv3fy4vdq9lrbf9y18q-kustomize-5.6.0"
        },
        "x86_64-linux": {
          "outputs": [
            {
              "name": "out",
              "path": "/nix/store/cj6c54si3pfrrw3ikrfnin2nbp6ndcdk-kustomize-5.6.0",
              "default": true
            }
          ],
          "store_path": "/nix/store/cj6c54si3pfrrw3ikrfnin2nbp6ndcdk-kustomize-5.6.0"
        }
      }
    },
    "nodejs_23@latest": {
      "last_modified": "2025-05-03T19:26:05Z",
      "plugin_version": "0.0.2",
      "resolved": "github:NixOS/nixpkgs/f21e4546e3ede7ae34d12a84602a22246b31f7e0#nodejs_23",
      "source": "devbox-search",
      "version": "23.11.0",
      "systems": {
        "aarch64-darwin": {
          "outputs": [
            {
              "name": "out",
              "path": "/nix/store/gdh7lnl6ksw2s9j65ah0jnr93cypq0zr-nodejs-23.11.0",
              "default": true
            },
            {
              "name": "libv8",
              "path": "/nix/store/yf4hi5pps1ciplvlrfdvmzdyv0z24l2x-nodejs-23.11.0-libv8"
            },
            {
              "name": "dev",
              "path": "/nix/store/g1c4jg5r4x6jg3zpirgmw9na2swv94sw-nodejs-23.11.0-dev"
            }
          ],
          "store_path": "/nix/store/gdh7lnl6ksw2s9j65ah0jnr93cypq0zr-nodejs-23.11.0"
        },
        "aarch64-linux": {
          "outputs": [
            {
              "name": "out",
              "path": "/nix/store/x7ivilhxy8gf1ikriff5xif8pg54jvgr-nodejs-23.11.0",
              "default": true
            },
            {
              "name": "dev",
              "path": "/nix/store/n1n2gq6vnvfi5z7cpbg3gp8256wlz089-nodejs-23.11.0-dev"
            },
            {
              "name": "libv8",
              "path": "/nix/store/86qhml3ncl7i4mib7yavcikacnrixsv2-nodejs-23.11.0-libv8"
            }
          ],
          "store_path": "/nix/store/x7ivilhxy8gf1ikriff5xif8pg54jvgr-nodejs-23.11.0"
        },
        "x86_64-darwin": {
          "outputs": [
            {
              "name": "out",
              "path": "/nix/store/bnv40f11mj4yqshylgyw4vp12vh451hb-nodejs-23.11.0",
              "default": true
            },
            {
              "name": "dev",
              "path": "/nix/store/5xkwl34mg1acklqwmm00zj04k235pkvg-nodejs-23.11.0-dev"
            },
            {
              "name": "libv8",
              "path": "/nix/store/s8k6rdbs4m8nkqq478mvq1xf4jlfhjrj-nodejs-23.11.0-libv8"
            }
          ],
          "store_path": "/nix/store/bnv40f11mj4yqshylgyw4vp12vh451hb-nodejs-23.11.0"
        },
        "x86_64-linux": {
          "outputs": [
            {
              "name": "out",
              "path": "/nix/store/farnym67jl2brs97ihsvziz7gm0yq26l-nodejs-23.11.0",
              "default": true
            },
            {
              "name": "libv8",
              "path": "/nix/store/3kx3gj5ix8nsp63kh3nkvxzbqcic85wx-nodejs-23.11.0-libv8"
            },
            {
              "name": "dev",
              "path": "/nix/store/37nmva83fc0idfd0xk7rq61zgxg0ywab-nodejs-23.11.0-dev"
            }
          ],
          "store_path": "/nix/store/farnym67jl2brs97ihsvziz7gm0yq26l-nodejs-23.11.0"
        }
      }
    },
    "oras@latest": {
      "last_modified": "2025-05-16T20:19:48Z",
      "resolved": "github:NixOS/nixpkgs/12a55407652e04dcf2309436eb06fef0d3713ef3#oras",
      "source": "devbox-search",
      "version": "1.2.3",
      "systems": {
        "aarch64-darwin": {
          "outputs": [
            {
              "name": "out",
              "path": "/nix/store/2nb404wb8my7h06mysszhj8zyxdvnrhq-oras-1.2.3",
              "default": true
            }
          ],
          "store_path": "/nix/store/2nb404wb8my7h06mysszhj8zyxdvnrhq-oras-1.2.3"
        },
        "aarch64-linux": {
          "outputs": [
            {
              "name": "out",
              "path": "/nix/store/pzhskj8yb685mimgjhjv9pzmaipp25v0-oras-1.2.3",
              "default": true
            }
          ],
          "store_path": "/nix/store/pzhskj8yb685mimgjhjv9pzmaipp25v0-oras-1.2.3"
        },
        "x86_64-darwin": {
          "outputs": [
            {
              "name": "out",
              "path": "/nix/store/9blfkz5x4cq13qpvvs7a198hwlgkra14-oras-1.2.3",
              "default": true
            }
          ],
          "store_path": "/nix/store/9blfkz5x4cq13qpvvs7a198hwlgkra14-oras-1.2.3"
        },
        "x86_64-linux": {
          "outputs": [
            {
              "name": "out",
              "path": "/nix/store/cspwqx3w3jm4lsizi87pbhcwm2gx8s41-oras-1.2.3",
              "default": true
            }
          ],
          "store_path": "/nix/store/cspwqx3w3jm4lsizi87pbhcwm2gx8s41-oras-1.2.3"
        }
      }
    },
    "python@3.13": {
      "last_modified": "2025-05-16T20:19:48Z",
      "plugin_version": "0.0.4",
      "resolved": "github:NixOS/nixpkgs/12a55407652e04dcf2309436eb06fef0d3713ef3#python313",
      "source": "devbox-search",
      "version": "3.13.3",
      "systems": {
        "aarch64-darwin": {
          "outputs": [
            {
              "name": "out",
              "path": "/nix/store/1a8xg8l3m67hxinxzzcsak9736qm9vsf-python3-3.13.3",
              "default": true
            }
          ],
          "store_path": "/nix/store/1a8xg8l3m67hxinxzzcsak9736qm9vsf-python3-3.13.3"
        },
        "aarch64-linux": {
          "outputs": [
            {
              "name": "out",
              "path": "/nix/store/yy0xvc2rydhrs0h1v8d7r3sql347xzz5-python3-3.13.3",
              "default": true
            },
            {
              "name": "debug",
              "path": "/nix/store/42bxfqfrh8cwspl7szr0cw8739xv8qlq-python3-3.13.3-debug"
            }
          ],
          "store_path": "/nix/store/yy0xvc2rydhrs0h1v8d7r3sql347xzz5-python3-3.13.3"
        },
        "x86_64-darwin": {
          "outputs": [
            {
              "name": "out",
              "path": "/nix/store/gbrigjhghz9v2p0zf9b2fnvs0g0yx7q4-python3-3.13.3",
              "default": true
            }
          ],
          "store_path": "/nix/store/gbrigjhghz9v2p0zf9b2fnvs0g0yx7q4-python3-3.13.3"
        },
        "x86_64-linux": {
          "outputs": [
            {
              "name": "out",
              "path": "/nix/store/2mab9iiwhcqwk75qwvp3zv0bvbiaq6cs-python3-3.13.3",
              "default": true
            },
            {
              "name": "debug",
              "path": "/nix/store/9z6k8ijl2md0y2n95yprbjj4vxbfsi15-python3-3.13.3-debug"
            }
          ],
          "store_path": "/nix/store/2mab9iiwhcqwk75qwvp3zv0bvbiaq6cs-python3-3.13.3"
        }
      }
    },
    "tilt@latest": {
      "last_modified": "2025-06-12T07:29:08Z",
      "resolved": "github:NixOS/nixpkgs/d202f48f1249f013aa2660c6733e251c85712cbe#tilt",
      "source": "devbox-search",
      "version": "0.34.5",
      "systems": {
        "aarch64-darwin": {
          "outputs": [
            {
              "name": "out",
              "path": "/nix/store/09f23v6mlma5n63sqcggsahjba905lna-tilt-0.34.5",
              "default": true
            }
          ],
          "store_path": "/nix/store/09f23v6mlma5n63sqcggsahjba905lna-tilt-0.34.5"
        },
        "aarch64-linux": {
          "outputs": [
            {
              "name": "out",
              "path": "/nix/store/arcg3fdfnx51hkh2gpcwa3nazs030wxh-tilt-0.34.5",
              "default": true
            }
          ],
          "store_path": "/nix/store/arcg3fdfnx51hkh2gpcwa3nazs030wxh-tilt-0.34.5"
        },
        "x86_64-darwin": {
          "outputs": [
            {
              "name": "out",
              "path": "/nix/store/c9m79c8sraljx1c9p4bk0xzksy52vdfh-tilt-0.34.5",
              "default": true
            }
          ],
          "store_path": "/nix/store/c9m79c8sraljx1c9p4bk0xzksy52vdfh-tilt-0.34.5"
        },
        "x86_64-linux": {
          "outputs": [
            {
              "name": "out",
              "path": "/nix/store/0dcs1sacvip9jiga5izssjcz5kxhlsaq-tilt-0.34.5",
              "default": true
            }
          ],
          "store_path": "/nix/store/0dcs1sacvip9jiga5izssjcz5kxhlsaq-tilt-0.34.5"
        }
      }
    },
    "trufflehog@latest": {
      "last_modified": "2025-06-22T15:15:55Z",
      "resolved": "github:NixOS/nixpkgs/3078b9a9e75f1790e6d6ef9955fdc6a2d1740cc6#trufflehog",
      "source": "devbox-search",
      "version": "3.89.2",
      "systems": {
        "aarch64-darwin": {
          "outputs": [
            {
              "name": "out",
              "path": "/nix/store/9v5fpi8sqiw2p3l316kdm7izx9icagbf-trufflehog-3.89.2",
              "default": true
            }
          ],
          "store_path": "/nix/store/9v5fpi8sqiw2p3l316kdm7izx9icagbf-trufflehog-3.89.2"
        },
        "aarch64-linux": {
          "outputs": [
            {
              "name": "out",
              "path": "/nix/store/b3flkclvrhr2nadb9kwqbi1aqim2vpxs-trufflehog-3.89.2",
              "default": true
            }
          ],
          "store_path": "/nix/store/b3flkclvrhr2nadb9kwqbi1aqim2vpxs-trufflehog-3.89.2"
        },
        "x86_64-darwin": {
          "outputs": [
            {
              "name": "out",
              "path": "/nix/store/xi8hh8ypjznxrmdjgv9kw81nwbhp0mzc-trufflehog-3.89.2",
              "default": true
            }
          ],
          "store_path": "/nix/store/xi8hh8ypjznxrmdjgv9kw81nwbhp0mzc-trufflehog-3.89.2"
        },
        "x86_64-linux": {
          "outputs": [
            {
              "name": "out",
              "path": "/nix/store/q8gljs6k72ql2p6rvwxhbdlvdqj9idc1-trufflehog-3.89.2",
              "default": true
            }
          ],
          "store_path": "/nix/store/q8gljs6k72ql2p6rvwxhbdlvdqj9idc1-trufflehog-3.89.2"
        }
      }
    },
    "uv@latest": {
      "last_modified": "2025-06-08T07:56:50Z",
      "resolved": "github:NixOS/nixpkgs/8207ad0d501dd3590e0e81a7c56b386a5c4342c9#uv",
      "source": "devbox-search",
      "version": "0.7.12",
      "systems": {
        "aarch64-darwin": {
          "outputs": [
            {
              "name": "out",
              "path": "/nix/store/41kasvh1nn3b8s46s5vf3jri8x693vzk-uv-0.7.12",
              "default": true
            }
          ],
          "store_path": "/nix/store/41kasvh1nn3b8s46s5vf3jri8x693vzk-uv-0.7.12"
        },
        "aarch64-linux": {
          "outputs": [
            {
              "name": "out",
              "path": "/nix/store/5l7cl2k59s7aaqsjah15id4c36amxg56-uv-0.7.12",
              "default": true
            }
          ],
          "store_path": "/nix/store/5l7cl2k59s7aaqsjah15id4c36amxg56-uv-0.7.12"
        },
        "x86_64-darwin": {
          "outputs": [
            {
              "name": "out",
              "path": "/nix/store/qbp4xvsgnkriysl2h9bs2a2jafn2hnx2-uv-0.7.12",
              "default": true
            }
          ],
          "store_path": "/nix/store/qbp4xvsgnkriysl2h9bs2a2jafn2hnx2-uv-0.7.12"
        },
        "x86_64-linux": {
          "outputs": [
            {
              "name": "out",
              "path": "/nix/store/27akw8xb1q5hf86cn37y0vnj6pdnca0w-uv-0.7.12",
              "default": true
            }
          ],
          "store_path": "/nix/store/27akw8xb1q5hf86cn37y0vnj6pdnca0w-uv-0.7.12"
        }
      }
    },
    "yq-go@latest": {
      "last_modified": "2025-05-16T20:19:48Z",
      "resolved": "github:NixOS/nixpkgs/12a55407652e04dcf2309436eb06fef0d3713ef3#yq-go",
      "source": "devbox-search",
      "version": "4.45.4",
      "systems": {
        "aarch64-darwin": {
          "outputs": [
            {
              "name": "out",
              "path": "/nix/store/g96y9nqsb1icgna225hbdir827mik8v5-yq-go-4.45.4",
              "default": true
            }
          ],
          "store_path": "/nix/store/g96y9nqsb1icgna225hbdir827mik8v5-yq-go-4.45.4"
        },
        "aarch64-linux": {
          "outputs": [
            {
              "name": "out",
              "path": "/nix/store/l6k9y7s4wl8ymcgyk84nhgjnziamy1jz-yq-go-4.45.4",
              "default": true
            }
          ],
          "store_path": "/nix/store/l6k9y7s4wl8ymcgyk84nhgjnziamy1jz-yq-go-4.45.4"
        },
        "x86_64-darwin": {
          "outputs": [
            {
              "name": "out",
              "path": "/nix/store/7xlp5q6f6lxinx31pccrfz6j8s4pmf1c-yq-go-4.45.4",
              "default": true
            }
          ],
          "store_path": "/nix/store/7xlp5q6f6lxinx31pccrfz6j8s4pmf1c-yq-go-4.45.4"
        },
        "x86_64-linux": {
          "outputs": [
            {
              "name": "out",
              "path": "/nix/store/kflpx5ihql91daz6qmgp6bg477aip48z-yq-go-4.45.4",
              "default": true
            }
          ],
          "store_path": "/nix/store/kflpx5ihql91daz6qmgp6bg477aip48z-yq-go-4.45.4"
        }
      }
    }
  }
}
